
Microsoft Visual Studio Solution File, Format Version 12.00
# Visual Studio Version 17
VisualStudioVersion = 17.9.34728.123
MinimumVisualStudioVersion = 10.0.40219.1
Project("{9A19103F-16F7-4668-BE54-9A1E7A4F7556}") = "LibraryManager.Model", "LibraryManager.Model\LibraryManager.Model.csproj", "{1995D37A-9D5B-430C-949E-9C886D0D3D1A}"
EndProject
Project("{9A19103F-16F7-4668-BE54-9A1E7A4F7556}") = "LibraryManager.Client", "LibraryManager.Client\LibraryManager.Client.csproj", "{B7B91A29-FCC7-45E9-A191-349569DF513B}"
EndProject
Global
	GlobalSection(SolutionConfigurationPlatforms) = preSolution
		Debug|Any CPU = Debug|Any CPU
		Release|Any CPU = Release|Any CPU
	EndGlobalSection
	GlobalSection(ProjectConfigurationPlatforms) = postSolution
		{1995D37A-9D5B-430C-949E-9C886D0D3D1A}.Debug|Any CPU.ActiveCfg = Debug|Any CPU
		{1995D37A-9D5B-430C-949E-9C886D0D3D1A}.Debug|Any CPU.Build.0 = Debug|Any CPU
		{1995D37A-9D5B-430C-949E-9C886D0D3D1A}.Release|Any CPU.ActiveCfg = Release|Any CPU
		{1995D37A-9D5B-430C-949E-9C886D0D3D1A}.Release|Any CPU.Build.0 = Release|Any CPU
		{B7B91A29-FCC7-45E9-A191-349569DF513B}.Debug|Any CPU.ActiveCfg = Debug|Any CPU
		{B7B91A29-FCC7-45E9-A191-349569DF513B}.Debug|Any CPU.Build.0 = Debug|Any CPU
		{B7B91A29-FCC7-45E9-A191-349569DF513B}.Release|Any CPU.ActiveCfg = Release|Any CPU
		{B7B91A29-FCC7-45E9-A191-349569DF513B}.Release|Any CPU.Build.0 = Release|Any CPU
	EndGlobalSection
	GlobalSection(SolutionProperties) = preSolution
		HideSolutionNode = FALSE
	EndGlobalSection
	GlobalSection(ExtensibilityGlobals) = postSolution
		SolutionGuid = {18BBE2C9-C850-4FE0-A00F-9B5E0A6EF92F}
	EndGlobalSection
EndGlobal
